
Microsoft Visual Studio Solution File, Format Version 12.00
# Visual Studio Version 17
VisualStudioVersion = 17.2.32516.85
MinimumVisualStudioVersion = 10.0.40219.1
Project("{FAE04EC0-301F-11D3-BF4B-00C04F79EFBC}") = "a13.InAndOut", "a13.InAndOut\a13.InAndOut.csproj", "{85DA0A6D-2E0F-43A4-897B-F80829A879D3}"
EndProject
Global
	GlobalSection(SolutionConfigurationPlatforms) = preSolution
		Debug|Any CPU = Debug|Any CPU
		Release|Any CPU = Release|Any CPU
	EndGlobalSection
	GlobalSection(ProjectConfigurationPlatforms) = postSolution
		{85DA0A6D-2E0F-43A4-897B-F80829A879D3}.Debug|Any CPU.ActiveCfg = Debug|Any CPU
		{85DA0A6D-2E0F-43A4-897B-F80829A879D3}.Debug|Any CPU.Build.0 = Debug|Any CPU
		{85DA0A6D-2E0F-43A4-897B-F80829A879D3}.Release|Any CPU.ActiveCfg = Release|Any CPU
		{85DA0A6D-2E0F-43A4-897B-F80829A879D3}.Release|Any CPU.Build.0 = Release|Any CPU
	EndGlobalSection
	GlobalSection(SolutionProperties) = preSolution
		HideSolutionNode = FALSE
	EndGlobalSection
	GlobalSection(ExtensibilityGlobals) = postSolution
		SolutionGuid = {500126AA-3651-4903-B658-A3F53544CB0A}
	EndGlobalSection
EndGlobal
